{
	"name": "flex-plugins-api-client",
	"version": "0.14.1",
	"lockfileVersion": 1,
	"requires": true,
	"dependencies": {
		"@types/lodash": {
			"version": "4.14.157",
			"resolved": "https://registry.npmjs.org/@types/lodash/-/lodash-4.14.157.tgz",
			"integrity": "sha512-Ft5BNFmv2pHDgxV5JDsndOWTRJ+56zte0ZpYLowp03tW+K+t8u8YMOzAnpuqPgzX6WO1XpDIUm7u04M8vdDiVQ==",
			"dev": true
		},
		"@types/lodash.upperfirst": {
			"version": "4.3.6",
			"resolved": "https://registry.npmjs.org/@types/lodash.upperfirst/-/lodash.upperfirst-4.3.6.tgz",
			"integrity": "sha512-op4ctKkT1eD/Nt8MCPlN7O2IQrYWIcH1rOPHM86SKzbliLG50eVXM6+qzkdxtBV7DZb3W/1Up2+k43WK9F0Bgg==",
			"dev": true,
			"requires": {
				"@types/lodash": "*"
			}
		},
		"lodash.upperfirst": {
			"version": "4.3.1",
			"resolved": "https://registry.npmjs.org/lodash.upperfirst/-/lodash.upperfirst-4.3.1.tgz",
			"integrity": "sha1-E2Xt9DFIBIHvDRxolXpe2Z1J984="
		}
	}
}
